// !$*UTF8*$!
{
	archiveVersion = 1;
	classes = {
	};
	objectVersion = 50;
	objects = {

/* Begin PBXBuildFile section */
		F6FFECEC220FB3CD00E5077B /* AppDelegate.swift in Sources */ = {isa = PBXBuildFile; fileRef = F6FFECEB220FB3CD00E5077B /* AppDelegate.swift */; };
		F6FFECEE220FB3CD00E5077B /* ViewController.swift in Sources */ = {isa = PBXBuildFile; fileRef = F6FFECED220FB3CD00E5077B /* ViewController.swift */; };
		F6FFECF1220FB3CD00E5077B /* Main.storyboard in Resources */ = {isa = PBXBuildFile; fileRef = F6FFECEF220FB3CD00E5077B /* Main.storyboard */; };
		F6FFECF3220FB3D200E5077B /* Assets.xcassets in Resources */ = {isa = PBXBuildFile; fileRef = F6FFECF2220FB3D200E5077B /* Assets.xcassets */; };
		F6FFECF6220FB3D200E5077B /* LaunchScreen.storyboard in Resources */ = {isa = PBXBuildFile; fileRef = F6FFECF4220FB3D200E5077B /* LaunchScreen.storyboard */; };
		F6FFECFF220FBB7A00E5077B /* level2.txt in Resources */ = {isa = PBXBuildFile; fileRef = F6FFECFD220FBB7A00E5077B /* level2.txt */; };
		F6FFED00220FBB7A00E5077B /* level1.txt in Resources */ = {isa = PBXBuildFile; fileRef = F6FFECFE220FBB7A00E5077B /* level1.txt */; };
/* End PBXBuildFile section */

/* Begin PBXFileReference section */
		F6FFECE8220FB3CD00E5077B /* The7SwiftyWords.app */ = {isa = PBXFileReference; explicitFileType = wrapper.application; includeInIndex = 0; path = The7SwiftyWords.app; sourceTree = BUILT_PRODUCTS_DIR; };
		F6FFECEB220FB3CD00E5077B /* AppDelegate.swift */ = {isa = PBXFileReference; lastKnownFileType = sourcecode.swift; path = AppDelegate.swift; sourceTree = "<group>"; };
		F6FFECED220FB3CD00E5077B /* ViewController.swift */ = {isa = PBXFileReference; lastKnownFileType = sourcecode.swift; path = ViewController.swift; sourceTree = "<group>"; };
		F6FFECF0220FB3CD00E5077B /* Base */ = {isa = PBXFileReference; lastKnownFileType = file.storyboard; name = Base; path = Base.lproj/Main.storyboard; sourceTree = "<group>"; };
		F6FFECF2220FB3D200E5077B /* Assets.xcassets */ = {isa = PBXFileReference; lastKnownFileType = folder.assetcatalog; path = Assets.xcassets; sourceTree = "<group>"; };
		F6FFECF5220FB3D200E5077B /* Base */ = {isa = PBXFileReference; lastKnownFileType = file.storyboard; name = Base; path = Base.lproj/LaunchScreen.storyboard; sourceTree = "<group>"; };
		F6FFECF7220FB3D200E5077B /* Info.plist */ = {isa = PBXFileReference; lastKnownFileType = text.plist.xml; path = Info.plist; sourceTree = "<group>"; };
		F6FFECFD220FBB7A00E5077B /* level2.txt */ = {isa = PBXFileReference; fileEncoding = 4; lastKnownFileType = text; path = level2.txt; sourceTree = "<group>"; };
		F6FFECFE220FBB7A00E5077B /* level1.txt */ = {isa = PBXFileReference; fileEncoding = 4; lastKnownFileType = text; path = level1.txt; sourceTree = "<group>"; };
/* End PBXFileReference section */

/* Begin PBXFrameworksBuildPhase section */
		F6FFECE5220FB3CD00E5077B /* Frameworks */ = {
			isa = PBXFrameworksBuildPhase;
			buildActionMask = 2147483647;
			files = (
			);
			runOnlyForDeploymentPostprocessing = 0;
		};
/* End PBXFrameworksBuildPhase section */

/* Begin PBXGroup section */
		F6FFECDF220FB3CD00E5077B = {
			isa = PBXGroup;
			children = (
				F6FFECEA220FB3CD00E5077B /* The7SwiftyWords */,
				F6FFECE9220FB3CD00E5077B /* Products */,
			);
			sourceTree = "<group>";
		};
		F6FFECE9220FB3CD00E5077B /* Products */ = {
			isa = PBXGroup;
			children = (
				F6FFECE8220FB3CD00E5077B /* The7SwiftyWords.app */,
			);
			name = Products;
			sourceTree = "<group>";
		};
		F6FFECEA220FB3CD00E5077B /* The7SwiftyWords */ = {
			isa = PBXGroup;
			children = (
				F6FFECEB220FB3CD00E5077B /* AppDelegate.swift */,
				F6FFECED220FB3CD00E5077B /* ViewController.swift */,
				F6FFECFE220FBB7A00E5077B /* level1.txt */,
				F6FFECFD220FBB7A00E5077B /* level2.txt */,
				F6FFECEF220FB3CD00E5077B /* Main.storyboard */,
				F6FFECF2220FB3D200E5077B /* Assets.xcassets */,
				F6FFECF4220FB3D200E5077B /* LaunchScreen.storyboard */,
				F6FFECF7220FB3D200E5077B /* Info.plist */,
			);
			path = The7SwiftyWords;
			sourceTree = "<group>";
		};
/* End PBXGroup section */

/* Begin PBXNativeTarget section */
		F6FFECE7220FB3CD00E5077B /* The7SwiftyWords */ = {
			isa = PBXNativeTarget;
			buildConfigurationList = F6FFECFA220FB3D200E5077B /* Build configuration list for PBXNativeTarget "The7SwiftyWords" */;
			buildPhases = (
				F6FFECE4220FB3CD00E5077B /* Sources */,
				F6FFECE5220FB3CD00E5077B /* Frameworks */,
				F6FFECE6220FB3CD00E5077B /* Resources */,
			);
			buildRules = (
			);
			dependencies = (
			);
			name = The7SwiftyWords;
			productName = The7SwiftyWords;
			productReference = F6FFECE8220FB3CD00E5077B /* The7SwiftyWords.app */;
			productType = "com.apple.product-type.application";
		};
/* End PBXNativeTarget section */

/* Begin PBXProject section */
		F6FFECE0220FB3CD00E5077B /* Project object */ = {
			isa = PBXProject;
			attributes = {
				LastSwiftUpdateCheck = 1010;
				LastUpgradeCheck = 1010;
				ORGANIZATIONNAME = exiaj9;
				TargetAttributes = {
					F6FFECE7220FB3CD00E5077B = {
						CreatedOnToolsVersion = 10.1;
					};
				};
			};
			buildConfigurationList = F6FFECE3220FB3CD00E5077B /* Build configuration list for PBXProject "The7SwiftyWords" */;
			compatibilityVersion = "Xcode 9.3";
			developmentRegion = en;
			hasScannedForEncodings = 0;
			knownRegions = (
				en,
				Base,
			);
			mainGroup = F6FFECDF220FB3CD00E5077B;
			productRefGroup = F6FFECE9220FB3CD00E5077B /* Products */;
			projectDirPath = "";
			projectRoot = "";
			targets = (
				F6FFECE7220FB3CD00E5077B /* The7SwiftyWords */,
			);
		};
/* End PBXProject section */

/* Begin PBXResourcesBuildPhase section */
		F6FFECE6220FB3CD00E5077B /* Resources */ = {
			isa = PBXResourcesBuildPhase;
			buildActionMask = 2147483647;
			files = (
				F6FFED00220FBB7A00E5077B /* level1.txt in Resources */,
				F6FFECF6220FB3D200E5077B /* LaunchScreen.storyboard in Resources */,
				F6FFECF3220FB3D200E5077B /* Assets.xcassets in Resources */,
				F6FFECFF220FBB7A00E5077B /* level2.txt in Resources */,
				F6FFECF1220FB3CD00E5077B /* Main.storyboard in Resources */,
			);
			runOnlyForDeploymentPostprocessing = 0;
		};
/* End PBXResourcesBuildPhase section */

/* Begin PBXSourcesBuildPhase section */
		F6FFECE4220FB3CD00E5077B /* Sources */ = {
			isa = PBXSourcesBuildPhase;
			buildActionMask = 2147483647;
			files = (
				F6FFECEE220FB3CD00E5077B /* ViewController.swift in Sources */,
				F6FFECEC220FB3CD00E5077B /* AppDelegate.swift in Sources */,
			);
			runOnlyForDeploymentPostprocessing = 0;
		};
/* End PBXSourcesBuildPhase section */

/* Begin PBXVariantGroup section */
		F6FFECEF220FB3CD00E5077B /* Main.storyboard */ = {
			isa = PBXVariantGroup;
			children = (
				F6FFECF0220FB3CD00E5077B /* Base */,
			);
			name = Main.storyboard;
			sourceTree = "<group>";
		};
		F6FFECF4220FB3D200E5077B /* LaunchScreen.storyboard */ = {
			isa = PBXVariantGroup;
			children = (
				F6FFECF5220FB3D200E5077B /* Base */,
			);
			name = LaunchScreen.storyboard;
			sourceTree = "<group>";
		};
/* End PBXVariantGroup section */

/* Begin XCBuildConfiguration section */
		F6FFECF8220FB3D200E5077B /* Debug */ = {
			isa = XCBuildConfiguration;
			buildSettings = {
				ALWAYS_SEARCH_USER_PATHS = NO;
				CLANG_ANALYZER_NONNULL = YES;
				CLANG_ANALYZER_NUMBER_OBJECT_CONVERSION = YES_AGGRESSIVE;
				CLANG_CXX_LANGUAGE_STANDARD = "gnu++14";
				CLANG_CXX_LIBRARY = "libc++";
				CLANG_ENABLE_MODULES = YES;
				CLANG_ENABLE_OBJC_ARC = YES;
				CLANG_ENABLE_OBJC_WEAK = YES;
				CLANG_WARN_BLOCK_CAPTURE_AUTORELEASING = YES;
				CLANG_WARN_BOOL_CONVERSION = YES;
				CLANG_WARN_COMMA = YES;
				CLANG_WARN_CONSTANT_CONVERSION = YES;
				CLANG_WARN_DEPRECATED_OBJC_IMPLEMENTATIONS = YES;
				CLANG_WARN_DIRECT_OBJC_ISA_USAGE = YES_ERROR;
				CLANG_WARN_DOCUMENTATION_COMMENTS = YES;
				CLANG_WARN_EMPTY_BODY = YES;
				CLANG_WARN_ENUM_CONVERSION = YES;
				CLANG_WARN_INFINITE_RECURSION = YES;
				CLANG_WARN_INT_CONVERSION = YES;
				CLANG_WARN_NON_LITERAL_NULL_CONVERSION = YES;
				CLANG_WARN_OBJC_IMPLICIT_RETAIN_SELF = YES;
				CLANG_WARN_OBJC_LITERAL_CONVERSION = YES;
				CLANG_WARN_OBJC_ROOT_CLASS = YES_ERROR;
				CLANG_WARN_RANGE_LOOP_ANALYSIS = YES;
				CLANG_WARN_STRICT_PROTOTYPES = YES;
				CLANG_WARN_SUSPICIOUS_MOVE = YES;
				CLANG_WARN_UNGUARDED_AVAILABILITY = YES_AGGRESSIVE;
				CLANG_WARN_UNREACHABLE_CODE = YES;
				CLANG_WARN__DUPLICATE_METHOD_MATCH = YES;
				CODE_SIGN_IDENTITY = "iPhone Developer";
				COPY_PHASE_STRIP = NO;
				DEBUG_INFORMATION_FORMAT = dwarf;
				ENABLE_STRICT_OBJC_MSGSEND = YES;
				ENABLE_TESTABILITY = YES;
				GCC_C_LANGUAGE_STANDARD = gnu11;
				GCC_DYNAMIC_NO_PIC = NO;
				GCC_NO_COMMON_BLOCKS = YES;
				GCC_OPTIMIZATION_LEVEL = 0;
				GCC_PREPROCESSOR_DEFINITIONS = (
					"DEBUG=1",
					"$(inherited)",
				);
				GCC_WARN_64_TO_32_BIT_CONVERSION = YES;
				GCC_WARN_ABOUT_RETURN_TYPE = YES_ERROR;
				GCC_WARN_UNDECLARED_SELECTOR = YES;
				GCC_WARN_UNINITIALIZED_AUTOS = YES_AGGRESSIVE;
				GCC_WARN_UNUSED_FUNCTION = YES;
				GCC_WARN_UNUSED_VARIABLE = YES;
				IPHONEOS_DEPLOYMENT_TARGET = 12.1;
				MTL_ENABLE_DEBUG_INFO = INCLUDE_SOURCE;
				MTL_FAST_MATH = YES;
				ONLY_ACTIVE_ARCH = YES;
				SDKROOT = iphoneos;
				SWIFT_ACTIVE_COMPILATION_CONDITIONS = DEBUG;
				SWIFT_OPTIMIZATION_LEVEL = "-Onone";
			};
			name = Debug;
		};
		F6FFECF9220FB3D200E5077B /* Release */ = {
			isa = XCBuildConfiguration;
			buildSettings = {
				ALWAYS_SEARCH_USER_PATHS = NO;
				CLANG_ANALYZER_NONNULL = YES;
				CLANG_ANALYZER_NUMBER_OBJECT_CONVERSION = YES_AGGRESSIVE;
				CLANG_CXX_LANGUAGE_STANDARD = "gnu++14";
				CLANG_CXX_LIBRARY = "libc++";
				CLANG_ENABLE_MODULES = YES;
				CLANG_ENABLE_OBJC_ARC = YES;
				CLANG_ENABLE_OBJC_WEAK = YES;
				CLANG_WARN_BLOCK_CAPTURE_AUTORELEASING = YES;
				CLANG_WARN_BOOL_CONVERSION = YES;
				CLANG_WARN_COMMA = YES;
				CLANG_WARN_CONSTANT_CONVERSION = YES;
				CLANG_WARN_DEPRECATED_OBJC_IMPLEMENTATIONS = YES;
				CLANG_WARN_DIRECT_OBJC_ISA_USAGE = YES_ERROR;
				CLANG_WARN_DOCUMENTATION_COMMENTS = YES;
				CLANG_WARN_EMPTY_BODY = YES;
				CLANG_WARN_ENUM_CONVERSION = YES;
				CLANG_WARN_INFINITE_RECURSION = YES;
				CLANG_WARN_INT_CONVERSION = YES;
				CLANG_WARN_NON_LITERAL_NULL_CONVERSION = YES;
				CLANG_WARN_OBJC_IMPLICIT_RETAIN_SELF = YES;
				CLANG_WARN_OBJC_LITERAL_CONVERSION = YES;
				CLANG_WARN_OBJC_ROOT_CLASS = YES_ERROR;
				CLANG_WARN_RANGE_LOOP_ANALYSIS = YES;
				CLANG_WARN_STRICT_PROTOTYPES = YES;
				CLANG_WARN_SUSPICIOUS_MOVE = YES;
				CLANG_WARN_UNGUARDED_AVAILABILITY = YES_AGGRESSIVE;
				CLANG_WARN_UNREACHABLE_CODE = YES;
				CLANG_WARN__DUPLICATE_METHOD_MATCH = YES;
				CODE_SIGN_IDENTITY = "iPhone Developer";
				COPY_PHASE_STRIP = NO;
				DEBUG_INFORMATION_FORMAT = "dwarf-with-dsym";
				ENABLE_NS_ASSERTIONS = NO;
				ENABLE_STRICT_OBJC_MSGSEND = YES;
				GCC_C_LANGUAGE_STANDARD = gnu11;
				GCC_NO_COMMON_BLOCKS = YES;
				GCC_WARN_64_TO_32_BIT_CONVERSION = YES;
				GCC_WARN_ABOUT_RETURN_TYPE = YES_ERROR;
				GCC_WARN_UNDECLARED_SELECTOR = YES;
				GCC_WARN_UNINITIALIZED_AUTOS = YES_AGGRESSIVE;
				GCC_WARN_UNUSED_FUNCTION = YES;
				GCC_WARN_UNUSED_VARIABLE = YES;
				IPHONEOS_DEPLOYMENT_TARGET = 12.1;
				MTL_ENABLE_DEBUG_INFO = NO;
				MTL_FAST_MATH = YES;
				SDKROOT = iphoneos;
				SWIFT_COMPILATION_MODE = wholemodule;
				SWIFT_OPTIMIZATION_LEVEL = "-O";
				VALIDATE_PRODUCT = YES;
			};
			name = Release;
		};
		F6FFECFB220FB3D200E5077B /* Debug */ = {
			isa = XCBuildConfiguration;
			buildSettings = {
				ASSETCATALOG_COMPILER_APPICON_NAME = AppIcon;
				CODE_SIGN_STYLE = Automatic;
				DEVELOPMENT_TEAM = 9GX9P2M56N;
				INFOPLIST_FILE = The7SwiftyWords/Info.plist;
				LD_RUNPATH_SEARCH_PATHS = (
					"$(inherited)",
					"@executable_path/Frameworks",
				);
				PRODUCT_BUNDLE_IDENTIFIER = exiaj9.The7SwiftyWords;
				PRODUCT_NAME = "$(TARGET_NAME)";
				SWIFT_VERSION = 4.2;
				TARGETED_DEVICE_FAMILY = 2;
			};
			name = Debug;
		};
		F6FFECFC220FB3D200E5077B /* Release */ = {
			isa = XCBuildConfiguration;
			buildSettings = {
				ASSETCATALOG_COMPILER_APPICON_NAME = AppIcon;
				CODE_SIGN_STYLE = Automatic;
				DEVELOPMENT_TEAM = 9GX9P2M56N;
				INFOPLIST_FILE = The7SwiftyWords/Info.plist;
				LD_RUNPATH_SEARCH_PATHS = (
					"$(inherited)",
					"@executable_path/Frameworks",
				);
				PRODUCT_BUNDLE_IDENTIFIER = exiaj9.The7SwiftyWords;
				PRODUCT_NAME = "$(TARGET_NAME)";
				SWIFT_VERSION = 4.2;
				TARGETED_DEVICE_FAMILY = 2;
			};
			name = Release;
		};
/* End XCBuildConfiguration section */

/* Begin XCConfigurationList section */
		F6FFECE3220FB3CD00E5077B /* Build configuration list for PBXProject "The7SwiftyWords" */ = {
			isa = XCConfigurationList;
			buildConfigurations = (
				F6FFECF8220FB3D200E5077B /* Debug */,
				F6FFECF9220FB3D200E5077B /* Release */,
			);
			defaultConfigurationIsVisible = 0;
			defaultConfigurationName = Release;
		};
		F6FFECFA220FB3D200E5077B /* Build configuration list for PBXNativeTarget "The7SwiftyWords" */ = {
			isa = XCConfigurationList;
			buildConfigurations = (
				F6FFECFB220FB3D200E5077B /* Debug */,
				F6FFECFC220FB3D200E5077B /* Release */,
			);
			defaultConfigurationIsVisible = 0;
			defaultConfigurationName = Release;
		};
/* End XCConfigurationList section */
	};
	rootObject = F6FFECE0220FB3CD00E5077B /* Project object */;
}
