// !$*UTF8*$!
{
	archiveVersion = 1;
	classes = {
	};
	objectVersion = 50;
	objects = {

/* Begin PBXBuildFile section */
		F69AB44E21EE1966009CB09E /* AppDelegate.swift in Sources */ = {isa = PBXBuildFile; fileRef = F69AB44D21EE1966009CB09E /* AppDelegate.swift */; };
		F69AB45021EE1966009CB09E /* ViewController.swift in Sources */ = {isa = PBXBuildFile; fileRef = F69AB44F21EE1966009CB09E /* ViewController.swift */; };
		F69AB45321EE1966009CB09E /* Main.storyboard in Resources */ = {isa = PBXBuildFile; fileRef = F69AB45121EE1966009CB09E /* Main.storyboard */; };
		F69AB45521EE1969009CB09E /* Assets.xcassets in Resources */ = {isa = PBXBuildFile; fileRef = F69AB45421EE1969009CB09E /* Assets.xcassets */; };
		F69AB45821EE1969009CB09E /* LaunchScreen.storyboard in Resources */ = {isa = PBXBuildFile; fileRef = F69AB45621EE1969009CB09E /* LaunchScreen.storyboard */; };
		F69AB46021EE1E2B009CB09E /* Petition.swift in Sources */ = {isa = PBXBuildFile; fileRef = F69AB45F21EE1E2B009CB09E /* Petition.swift */; };
		F69AB46221EE1E7B009CB09E /* Petitions.swift in Sources */ = {isa = PBXBuildFile; fileRef = F69AB46121EE1E7B009CB09E /* Petitions.swift */; };
/* End PBXBuildFile section */

/* Begin PBXFileReference section */
		F69AB44A21EE1966009CB09E /* P7WhitehousePetitions.app */ = {isa = PBXFileReference; explicitFileType = wrapper.application; includeInIndex = 0; path = P7WhitehousePetitions.app; sourceTree = BUILT_PRODUCTS_DIR; };
		F69AB44D21EE1966009CB09E /* AppDelegate.swift */ = {isa = PBXFileReference; lastKnownFileType = sourcecode.swift; path = AppDelegate.swift; sourceTree = "<group>"; };
		F69AB44F21EE1966009CB09E /* ViewController.swift */ = {isa = PBXFileReference; lastKnownFileType = sourcecode.swift; path = ViewController.swift; sourceTree = "<group>"; };
		F69AB45221EE1966009CB09E /* Base */ = {isa = PBXFileReference; lastKnownFileType = file.storyboard; name = Base; path = Base.lproj/Main.storyboard; sourceTree = "<group>"; };
		F69AB45421EE1969009CB09E /* Assets.xcassets */ = {isa = PBXFileReference; lastKnownFileType = folder.assetcatalog; path = Assets.xcassets; sourceTree = "<group>"; };
		F69AB45721EE1969009CB09E /* Base */ = {isa = PBXFileReference; lastKnownFileType = file.storyboard; name = Base; path = Base.lproj/LaunchScreen.storyboard; sourceTree = "<group>"; };
		F69AB45921EE1969009CB09E /* Info.plist */ = {isa = PBXFileReference; lastKnownFileType = text.plist.xml; path = Info.plist; sourceTree = "<group>"; };
		F69AB45F21EE1E2B009CB09E /* Petition.swift */ = {isa = PBXFileReference; lastKnownFileType = sourcecode.swift; path = Petition.swift; sourceTree = "<group>"; };
		F69AB46121EE1E7B009CB09E /* Petitions.swift */ = {isa = PBXFileReference; lastKnownFileType = sourcecode.swift; path = Petitions.swift; sourceTree = "<group>"; };
/* End PBXFileReference section */

/* Begin PBXFrameworksBuildPhase section */
		F69AB44721EE1966009CB09E /* Frameworks */ = {
			isa = PBXFrameworksBuildPhase;
			buildActionMask = 2147483647;
			files = (
			);
			runOnlyForDeploymentPostprocessing = 0;
		};
/* End PBXFrameworksBuildPhase section */

/* Begin PBXGroup section */
		F69AB44121EE1966009CB09E = {
			isa = PBXGroup;
			children = (
				F69AB44C21EE1966009CB09E /* P7WhitehousePetitions */,
				F69AB44B21EE1966009CB09E /* Products */,
			);
			sourceTree = "<group>";
		};
		F69AB44B21EE1966009CB09E /* Products */ = {
			isa = PBXGroup;
			children = (
				F69AB44A21EE1966009CB09E /* P7WhitehousePetitions.app */,
			);
			name = Products;
			sourceTree = "<group>";
		};
		F69AB44C21EE1966009CB09E /* P7WhitehousePetitions */ = {
			isa = PBXGroup;
			children = (
				F69AB44D21EE1966009CB09E /* AppDelegate.swift */,
				F69AB44F21EE1966009CB09E /* ViewController.swift */,
				F69AB45F21EE1E2B009CB09E /* Petition.swift */,
				F69AB46121EE1E7B009CB09E /* Petitions.swift */,
				F69AB45121EE1966009CB09E /* Main.storyboard */,
				F69AB45421EE1969009CB09E /* Assets.xcassets */,
				F69AB45621EE1969009CB09E /* LaunchScreen.storyboard */,
				F69AB45921EE1969009CB09E /* Info.plist */,
			);
			path = P7WhitehousePetitions;
			sourceTree = "<group>";
		};
/* End PBXGroup section */

/* Begin PBXNativeTarget section */
		F69AB44921EE1966009CB09E /* P7WhitehousePetitions */ = {
			isa = PBXNativeTarget;
			buildConfigurationList = F69AB45C21EE1969009CB09E /* Build configuration list for PBXNativeTarget "P7WhitehousePetitions" */;
			buildPhases = (
				F69AB44621EE1966009CB09E /* Sources */,
				F69AB44721EE1966009CB09E /* Frameworks */,
				F69AB44821EE1966009CB09E /* Resources */,
			);
			buildRules = (
			);
			dependencies = (
			);
			name = P7WhitehousePetitions;
			productName = P7WhitehousePetitions;
			productReference = F69AB44A21EE1966009CB09E /* P7WhitehousePetitions.app */;
			productType = "com.apple.product-type.application";
		};
/* End PBXNativeTarget section */

/* Begin PBXProject section */
		F69AB44221EE1966009CB09E /* Project object */ = {
			isa = PBXProject;
			attributes = {
				LastSwiftUpdateCheck = 1010;
				LastUpgradeCheck = 1010;
				ORGANIZATIONNAME = exiaj9;
				TargetAttributes = {
					F69AB44921EE1966009CB09E = {
						CreatedOnToolsVersion = 10.1;
					};
				};
			};
			buildConfigurationList = F69AB44521EE1966009CB09E /* Build configuration list for PBXProject "P7WhitehousePetitions" */;
			compatibilityVersion = "Xcode 9.3";
			developmentRegion = en;
			hasScannedForEncodings = 0;
			knownRegions = (
				en,
				Base,
			);
			mainGroup = F69AB44121EE1966009CB09E;
			productRefGroup = F69AB44B21EE1966009CB09E /* Products */;
			projectDirPath = "";
			projectRoot = "";
			targets = (
				F69AB44921EE1966009CB09E /* P7WhitehousePetitions */,
			);
		};
/* End PBXProject section */

/* Begin PBXResourcesBuildPhase section */
		F69AB44821EE1966009CB09E /* Resources */ = {
			isa = PBXResourcesBuildPhase;
			buildActionMask = 2147483647;
			files = (
				F69AB45821EE1969009CB09E /* LaunchScreen.storyboard in Resources */,
				F69AB45521EE1969009CB09E /* Assets.xcassets in Resources */,
				F69AB45321EE1966009CB09E /* Main.storyboard in Resources */,
			);
			runOnlyForDeploymentPostprocessing = 0;
		};
/* End PBXResourcesBuildPhase section */

/* Begin PBXSourcesBuildPhase section */
		F69AB44621EE1966009CB09E /* Sources */ = {
			isa = PBXSourcesBuildPhase;
			buildActionMask = 2147483647;
			files = (
				F69AB45021EE1966009CB09E /* ViewController.swift in Sources */,
				F69AB46221EE1E7B009CB09E /* Petitions.swift in Sources */,
				F69AB44E21EE1966009CB09E /* AppDelegate.swift in Sources */,
				F69AB46021EE1E2B009CB09E /* Petition.swift in Sources */,
			);
			runOnlyForDeploymentPostprocessing = 0;
		};
/* End PBXSourcesBuildPhase section */

/* Begin PBXVariantGroup section */
		F69AB45121EE1966009CB09E /* Main.storyboard */ = {
			isa = PBXVariantGroup;
			children = (
				F69AB45221EE1966009CB09E /* Base */,
			);
			name = Main.storyboard;
			sourceTree = "<group>";
		};
		F69AB45621EE1969009CB09E /* LaunchScreen.storyboard */ = {
			isa = PBXVariantGroup;
			children = (
				F69AB45721EE1969009CB09E /* Base */,
			);
			name = LaunchScreen.storyboard;
			sourceTree = "<group>";
		};
/* End PBXVariantGroup section */

/* Begin XCBuildConfiguration section */
		F69AB45A21EE1969009CB09E /* Debug */ = {
			isa = XCBuildConfiguration;
			buildSettings = {
				ALWAYS_SEARCH_USER_PATHS = NO;
				CLANG_ANALYZER_NONNULL = YES;
				CLANG_ANALYZER_NUMBER_OBJECT_CONVERSION = YES_AGGRESSIVE;
				CLANG_CXX_LANGUAGE_STANDARD = "gnu++14";
				CLANG_CXX_LIBRARY = "libc++";
				CLANG_ENABLE_MODULES = YES;
				CLANG_ENABLE_OBJC_ARC = YES;
				CLANG_ENABLE_OBJC_WEAK = YES;
				CLANG_WARN_BLOCK_CAPTURE_AUTORELEASING = YES;
				CLANG_WARN_BOOL_CONVERSION = YES;
				CLANG_WARN_COMMA = YES;
				CLANG_WARN_CONSTANT_CONVERSION = YES;
				CLANG_WARN_DEPRECATED_OBJC_IMPLEMENTATIONS = YES;
				CLANG_WARN_DIRECT_OBJC_ISA_USAGE = YES_ERROR;
				CLANG_WARN_DOCUMENTATION_COMMENTS = YES;
				CLANG_WARN_EMPTY_BODY = YES;
				CLANG_WARN_ENUM_CONVERSION = YES;
				CLANG_WARN_INFINITE_RECURSION = YES;
				CLANG_WARN_INT_CONVERSION = YES;
				CLANG_WARN_NON_LITERAL_NULL_CONVERSION = YES;
				CLANG_WARN_OBJC_IMPLICIT_RETAIN_SELF = YES;
				CLANG_WARN_OBJC_LITERAL_CONVERSION = YES;
				CLANG_WARN_OBJC_ROOT_CLASS = YES_ERROR;
				CLANG_WARN_RANGE_LOOP_ANALYSIS = YES;
				CLANG_WARN_STRICT_PROTOTYPES = YES;
				CLANG_WARN_SUSPICIOUS_MOVE = YES;
				CLANG_WARN_UNGUARDED_AVAILABILITY = YES_AGGRESSIVE;
				CLANG_WARN_UNREACHABLE_CODE = YES;
				CLANG_WARN__DUPLICATE_METHOD_MATCH = YES;
				CODE_SIGN_IDENTITY = "iPhone Developer";
				COPY_PHASE_STRIP = NO;
				DEBUG_INFORMATION_FORMAT = dwarf;
				ENABLE_STRICT_OBJC_MSGSEND = YES;
				ENABLE_TESTABILITY = YES;
				GCC_C_LANGUAGE_STANDARD = gnu11;
				GCC_DYNAMIC_NO_PIC = NO;
				GCC_NO_COMMON_BLOCKS = YES;
				GCC_OPTIMIZATION_LEVEL = 0;
				GCC_PREPROCESSOR_DEFINITIONS = (
					"DEBUG=1",
					"$(inherited)",
				);
				GCC_WARN_64_TO_32_BIT_CONVERSION = YES;
				GCC_WARN_ABOUT_RETURN_TYPE = YES_ERROR;
				GCC_WARN_UNDECLARED_SELECTOR = YES;
				GCC_WARN_UNINITIALIZED_AUTOS = YES_AGGRESSIVE;
				GCC_WARN_UNUSED_FUNCTION = YES;
				GCC_WARN_UNUSED_VARIABLE = YES;
				IPHONEOS_DEPLOYMENT_TARGET = 12.1;
				MTL_ENABLE_DEBUG_INFO = INCLUDE_SOURCE;
				MTL_FAST_MATH = YES;
				ONLY_ACTIVE_ARCH = YES;
				SDKROOT = iphoneos;
				SWIFT_ACTIVE_COMPILATION_CONDITIONS = DEBUG;
				SWIFT_OPTIMIZATION_LEVEL = "-Onone";
			};
			name = Debug;
		};
		F69AB45B21EE1969009CB09E /* Release */ = {
			isa = XCBuildConfiguration;
			buildSettings = {
				ALWAYS_SEARCH_USER_PATHS = NO;
				CLANG_ANALYZER_NONNULL = YES;
				CLANG_ANALYZER_NUMBER_OBJECT_CONVERSION = YES_AGGRESSIVE;
				CLANG_CXX_LANGUAGE_STANDARD = "gnu++14";
				CLANG_CXX_LIBRARY = "libc++";
				CLANG_ENABLE_MODULES = YES;
				CLANG_ENABLE_OBJC_ARC = YES;
				CLANG_ENABLE_OBJC_WEAK = YES;
				CLANG_WARN_BLOCK_CAPTURE_AUTORELEASING = YES;
				CLANG_WARN_BOOL_CONVERSION = YES;
				CLANG_WARN_COMMA = YES;
				CLANG_WARN_CONSTANT_CONVERSION = YES;
				CLANG_WARN_DEPRECATED_OBJC_IMPLEMENTATIONS = YES;
				CLANG_WARN_DIRECT_OBJC_ISA_USAGE = YES_ERROR;
				CLANG_WARN_DOCUMENTATION_COMMENTS = YES;
				CLANG_WARN_EMPTY_BODY = YES;
				CLANG_WARN_ENUM_CONVERSION = YES;
				CLANG_WARN_INFINITE_RECURSION = YES;
				CLANG_WARN_INT_CONVERSION = YES;
				CLANG_WARN_NON_LITERAL_NULL_CONVERSION = YES;
				CLANG_WARN_OBJC_IMPLICIT_RETAIN_SELF = YES;
				CLANG_WARN_OBJC_LITERAL_CONVERSION = YES;
				CLANG_WARN_OBJC_ROOT_CLASS = YES_ERROR;
				CLANG_WARN_RANGE_LOOP_ANALYSIS = YES;
				CLANG_WARN_STRICT_PROTOTYPES = YES;
				CLANG_WARN_SUSPICIOUS_MOVE = YES;
				CLANG_WARN_UNGUARDED_AVAILABILITY = YES_AGGRESSIVE;
				CLANG_WARN_UNREACHABLE_CODE = YES;
				CLANG_WARN__DUPLICATE_METHOD_MATCH = YES;
				CODE_SIGN_IDENTITY = "iPhone Developer";
				COPY_PHASE_STRIP = NO;
				DEBUG_INFORMATION_FORMAT = "dwarf-with-dsym";
				ENABLE_NS_ASSERTIONS = NO;
				ENABLE_STRICT_OBJC_MSGSEND = YES;
				GCC_C_LANGUAGE_STANDARD = gnu11;
				GCC_NO_COMMON_BLOCKS = YES;
				GCC_WARN_64_TO_32_BIT_CONVERSION = YES;
				GCC_WARN_ABOUT_RETURN_TYPE = YES_ERROR;
				GCC_WARN_UNDECLARED_SELECTOR = YES;
				GCC_WARN_UNINITIALIZED_AUTOS = YES_AGGRESSIVE;
				GCC_WARN_UNUSED_FUNCTION = YES;
				GCC_WARN_UNUSED_VARIABLE = YES;
				IPHONEOS_DEPLOYMENT_TARGET = 12.1;
				MTL_ENABLE_DEBUG_INFO = NO;
				MTL_FAST_MATH = YES;
				SDKROOT = iphoneos;
				SWIFT_COMPILATION_MODE = wholemodule;
				SWIFT_OPTIMIZATION_LEVEL = "-O";
				VALIDATE_PRODUCT = YES;
			};
			name = Release;
		};
		F69AB45D21EE1969009CB09E /* Debug */ = {
			isa = XCBuildConfiguration;
			buildSettings = {
				ASSETCATALOG_COMPILER_APPICON_NAME = AppIcon;
				CODE_SIGN_STYLE = Automatic;
				DEVELOPMENT_TEAM = 9GX9P2M56N;
				INFOPLIST_FILE = P7WhitehousePetitions/Info.plist;
				LD_RUNPATH_SEARCH_PATHS = (
					"$(inherited)",
					"@executable_path/Frameworks",
				);
				PRODUCT_BUNDLE_IDENTIFIER = exiaj9.P7WhitehousePetitions;
				PRODUCT_NAME = "$(TARGET_NAME)";
				SWIFT_VERSION = 4.2;
				TARGETED_DEVICE_FAMILY = "1,2";
			};
			name = Debug;
		};
		F69AB45E21EE1969009CB09E /* Release */ = {
			isa = XCBuildConfiguration;
			buildSettings = {
				ASSETCATALOG_COMPILER_APPICON_NAME = AppIcon;
				CODE_SIGN_STYLE = Automatic;
				DEVELOPMENT_TEAM = 9GX9P2M56N;
				INFOPLIST_FILE = P7WhitehousePetitions/Info.plist;
				LD_RUNPATH_SEARCH_PATHS = (
					"$(inherited)",
					"@executable_path/Frameworks",
				);
				PRODUCT_BUNDLE_IDENTIFIER = exiaj9.P7WhitehousePetitions;
				PRODUCT_NAME = "$(TARGET_NAME)";
				SWIFT_VERSION = 4.2;
				TARGETED_DEVICE_FAMILY = "1,2";
			};
			name = Release;
		};
/* End XCBuildConfiguration section */

/* Begin XCConfigurationList section */
		F69AB44521EE1966009CB09E /* Build configuration list for PBXProject "P7WhitehousePetitions" */ = {
			isa = XCConfigurationList;
			buildConfigurations = (
				F69AB45A21EE1969009CB09E /* Debug */,
				F69AB45B21EE1969009CB09E /* Release */,
			);
			defaultConfigurationIsVisible = 0;
			defaultConfigurationName = Release;
		};
		F69AB45C21EE1969009CB09E /* Build configuration list for PBXNativeTarget "P7WhitehousePetitions" */ = {
			isa = XCConfigurationList;
			buildConfigurations = (
				F69AB45D21EE1969009CB09E /* Debug */,
				F69AB45E21EE1969009CB09E /* Release */,
			);
			defaultConfigurationIsVisible = 0;
			defaultConfigurationName = Release;
		};
/* End XCConfigurationList section */
	};
	rootObject = F69AB44221EE1966009CB09E /* Project object */;
}
