// !$*UTF8*$!
{
	archiveVersion = 1;
	classes = {
	};
	objectVersion = 50;
	objects = {

/* Begin PBXBuildFile section */
		F673588E2296DC7200F62311 /* AppDelegate.swift in Sources */ = {isa = PBXBuildFile; fileRef = F673588D2296DC7200F62311 /* AppDelegate.swift */; };
		F67358902296DC7200F62311 /* ViewController.swift in Sources */ = {isa = PBXBuildFile; fileRef = F673588F2296DC7200F62311 /* ViewController.swift */; };
		F67358932296DC7200F62311 /* Main.storyboard in Resources */ = {isa = PBXBuildFile; fileRef = F67358912296DC7200F62311 /* Main.storyboard */; };
		F67358952296DC7500F62311 /* Assets.xcassets in Resources */ = {isa = PBXBuildFile; fileRef = F67358942296DC7500F62311 /* Assets.xcassets */; };
		F67358982296DC7500F62311 /* LaunchScreen.storyboard in Resources */ = {isa = PBXBuildFile; fileRef = F67358962296DC7500F62311 /* LaunchScreen.storyboard */; };
		F67358A02296E1FE00F62311 /* PersonCell.swift in Sources */ = {isa = PBXBuildFile; fileRef = F673589F2296E1FE00F62311 /* PersonCell.swift */; };
		F67358A22296EC3300F62311 /* Person.swift in Sources */ = {isa = PBXBuildFile; fileRef = F67358A12296EC3300F62311 /* Person.swift */; };
/* End PBXBuildFile section */

/* Begin PBXFileReference section */
		F673588A2296DC7200F62311 /* P10NamesToFaces.app */ = {isa = PBXFileReference; explicitFileType = wrapper.application; includeInIndex = 0; path = P10NamesToFaces.app; sourceTree = BUILT_PRODUCTS_DIR; };
		F673588D2296DC7200F62311 /* AppDelegate.swift */ = {isa = PBXFileReference; lastKnownFileType = sourcecode.swift; path = AppDelegate.swift; sourceTree = "<group>"; };
		F673588F2296DC7200F62311 /* ViewController.swift */ = {isa = PBXFileReference; lastKnownFileType = sourcecode.swift; path = ViewController.swift; sourceTree = "<group>"; };
		F67358922296DC7200F62311 /* Base */ = {isa = PBXFileReference; lastKnownFileType = file.storyboard; name = Base; path = Base.lproj/Main.storyboard; sourceTree = "<group>"; };
		F67358942296DC7500F62311 /* Assets.xcassets */ = {isa = PBXFileReference; lastKnownFileType = folder.assetcatalog; path = Assets.xcassets; sourceTree = "<group>"; };
		F67358972296DC7500F62311 /* Base */ = {isa = PBXFileReference; lastKnownFileType = file.storyboard; name = Base; path = Base.lproj/LaunchScreen.storyboard; sourceTree = "<group>"; };
		F67358992296DC7500F62311 /* Info.plist */ = {isa = PBXFileReference; lastKnownFileType = text.plist.xml; path = Info.plist; sourceTree = "<group>"; };
		F673589F2296E1FE00F62311 /* PersonCell.swift */ = {isa = PBXFileReference; lastKnownFileType = sourcecode.swift; path = PersonCell.swift; sourceTree = "<group>"; };
		F67358A12296EC3300F62311 /* Person.swift */ = {isa = PBXFileReference; lastKnownFileType = sourcecode.swift; path = Person.swift; sourceTree = "<group>"; };
/* End PBXFileReference section */

/* Begin PBXFrameworksBuildPhase section */
		F67358872296DC7200F62311 /* Frameworks */ = {
			isa = PBXFrameworksBuildPhase;
			buildActionMask = 2147483647;
			files = (
			);
			runOnlyForDeploymentPostprocessing = 0;
		};
/* End PBXFrameworksBuildPhase section */

/* Begin PBXGroup section */
		F67358812296DC7200F62311 = {
			isa = PBXGroup;
			children = (
				F673588C2296DC7200F62311 /* P10NamesToFaces */,
				F673588B2296DC7200F62311 /* Products */,
			);
			sourceTree = "<group>";
		};
		F673588B2296DC7200F62311 /* Products */ = {
			isa = PBXGroup;
			children = (
				F673588A2296DC7200F62311 /* P10NamesToFaces.app */,
			);
			name = Products;
			sourceTree = "<group>";
		};
		F673588C2296DC7200F62311 /* P10NamesToFaces */ = {
			isa = PBXGroup;
			children = (
				F673588D2296DC7200F62311 /* AppDelegate.swift */,
				F673588F2296DC7200F62311 /* ViewController.swift */,
				F67358A12296EC3300F62311 /* Person.swift */,
				F67358912296DC7200F62311 /* Main.storyboard */,
				F673589F2296E1FE00F62311 /* PersonCell.swift */,
				F67358942296DC7500F62311 /* Assets.xcassets */,
				F67358962296DC7500F62311 /* LaunchScreen.storyboard */,
				F67358992296DC7500F62311 /* Info.plist */,
			);
			path = P10NamesToFaces;
			sourceTree = "<group>";
		};
/* End PBXGroup section */

/* Begin PBXNativeTarget section */
		F67358892296DC7200F62311 /* P10NamesToFaces */ = {
			isa = PBXNativeTarget;
			buildConfigurationList = F673589C2296DC7500F62311 /* Build configuration list for PBXNativeTarget "P10NamesToFaces" */;
			buildPhases = (
				F67358862296DC7200F62311 /* Sources */,
				F67358872296DC7200F62311 /* Frameworks */,
				F67358882296DC7200F62311 /* Resources */,
			);
			buildRules = (
			);
			dependencies = (
			);
			name = P10NamesToFaces;
			productName = P10NamesToFaces;
			productReference = F673588A2296DC7200F62311 /* P10NamesToFaces.app */;
			productType = "com.apple.product-type.application";
		};
/* End PBXNativeTarget section */

/* Begin PBXProject section */
		F67358822296DC7200F62311 /* Project object */ = {
			isa = PBXProject;
			attributes = {
				LastSwiftUpdateCheck = 1020;
				LastUpgradeCheck = 1020;
				ORGANIZATIONNAME = gthevirtuoso;
				TargetAttributes = {
					F67358892296DC7200F62311 = {
						CreatedOnToolsVersion = 10.2.1;
					};
				};
			};
			buildConfigurationList = F67358852296DC7200F62311 /* Build configuration list for PBXProject "P10NamesToFaces" */;
			compatibilityVersion = "Xcode 9.3";
			developmentRegion = en;
			hasScannedForEncodings = 0;
			knownRegions = (
				en,
				Base,
			);
			mainGroup = F67358812296DC7200F62311;
			productRefGroup = F673588B2296DC7200F62311 /* Products */;
			projectDirPath = "";
			projectRoot = "";
			targets = (
				F67358892296DC7200F62311 /* P10NamesToFaces */,
			);
		};
/* End PBXProject section */

/* Begin PBXResourcesBuildPhase section */
		F67358882296DC7200F62311 /* Resources */ = {
			isa = PBXResourcesBuildPhase;
			buildActionMask = 2147483647;
			files = (
				F67358982296DC7500F62311 /* LaunchScreen.storyboard in Resources */,
				F67358952296DC7500F62311 /* Assets.xcassets in Resources */,
				F67358932296DC7200F62311 /* Main.storyboard in Resources */,
			);
			runOnlyForDeploymentPostprocessing = 0;
		};
/* End PBXResourcesBuildPhase section */

/* Begin PBXSourcesBuildPhase section */
		F67358862296DC7200F62311 /* Sources */ = {
			isa = PBXSourcesBuildPhase;
			buildActionMask = 2147483647;
			files = (
				F67358A02296E1FE00F62311 /* PersonCell.swift in Sources */,
				F67358902296DC7200F62311 /* ViewController.swift in Sources */,
				F67358A22296EC3300F62311 /* Person.swift in Sources */,
				F673588E2296DC7200F62311 /* AppDelegate.swift in Sources */,
			);
			runOnlyForDeploymentPostprocessing = 0;
		};
/* End PBXSourcesBuildPhase section */

/* Begin PBXVariantGroup section */
		F67358912296DC7200F62311 /* Main.storyboard */ = {
			isa = PBXVariantGroup;
			children = (
				F67358922296DC7200F62311 /* Base */,
			);
			name = Main.storyboard;
			sourceTree = "<group>";
		};
		F67358962296DC7500F62311 /* LaunchScreen.storyboard */ = {
			isa = PBXVariantGroup;
			children = (
				F67358972296DC7500F62311 /* Base */,
			);
			name = LaunchScreen.storyboard;
			sourceTree = "<group>";
		};
/* End PBXVariantGroup section */

/* Begin XCBuildConfiguration section */
		F673589A2296DC7500F62311 /* Debug */ = {
			isa = XCBuildConfiguration;
			buildSettings = {
				ALWAYS_SEARCH_USER_PATHS = NO;
				CLANG_ANALYZER_NONNULL = YES;
				CLANG_ANALYZER_NUMBER_OBJECT_CONVERSION = YES_AGGRESSIVE;
				CLANG_CXX_LANGUAGE_STANDARD = "gnu++14";
				CLANG_CXX_LIBRARY = "libc++";
				CLANG_ENABLE_MODULES = YES;
				CLANG_ENABLE_OBJC_ARC = YES;
				CLANG_ENABLE_OBJC_WEAK = YES;
				CLANG_WARN_BLOCK_CAPTURE_AUTORELEASING = YES;
				CLANG_WARN_BOOL_CONVERSION = YES;
				CLANG_WARN_COMMA = YES;
				CLANG_WARN_CONSTANT_CONVERSION = YES;
				CLANG_WARN_DEPRECATED_OBJC_IMPLEMENTATIONS = YES;
				CLANG_WARN_DIRECT_OBJC_ISA_USAGE = YES_ERROR;
				CLANG_WARN_DOCUMENTATION_COMMENTS = YES;
				CLANG_WARN_EMPTY_BODY = YES;
				CLANG_WARN_ENUM_CONVERSION = YES;
				CLANG_WARN_INFINITE_RECURSION = YES;
				CLANG_WARN_INT_CONVERSION = YES;
				CLANG_WARN_NON_LITERAL_NULL_CONVERSION = YES;
				CLANG_WARN_OBJC_IMPLICIT_RETAIN_SELF = YES;
				CLANG_WARN_OBJC_LITERAL_CONVERSION = YES;
				CLANG_WARN_OBJC_ROOT_CLASS = YES_ERROR;
				CLANG_WARN_RANGE_LOOP_ANALYSIS = YES;
				CLANG_WARN_STRICT_PROTOTYPES = YES;
				CLANG_WARN_SUSPICIOUS_MOVE = YES;
				CLANG_WARN_UNGUARDED_AVAILABILITY = YES_AGGRESSIVE;
				CLANG_WARN_UNREACHABLE_CODE = YES;
				CLANG_WARN__DUPLICATE_METHOD_MATCH = YES;
				CODE_SIGN_IDENTITY = "iPhone Developer";
				COPY_PHASE_STRIP = NO;
				DEBUG_INFORMATION_FORMAT = dwarf;
				ENABLE_STRICT_OBJC_MSGSEND = YES;
				ENABLE_TESTABILITY = YES;
				GCC_C_LANGUAGE_STANDARD = gnu11;
				GCC_DYNAMIC_NO_PIC = NO;
				GCC_NO_COMMON_BLOCKS = YES;
				GCC_OPTIMIZATION_LEVEL = 0;
				GCC_PREPROCESSOR_DEFINITIONS = (
					"DEBUG=1",
					"$(inherited)",
				);
				GCC_WARN_64_TO_32_BIT_CONVERSION = YES;
				GCC_WARN_ABOUT_RETURN_TYPE = YES_ERROR;
				GCC_WARN_UNDECLARED_SELECTOR = YES;
				GCC_WARN_UNINITIALIZED_AUTOS = YES_AGGRESSIVE;
				GCC_WARN_UNUSED_FUNCTION = YES;
				GCC_WARN_UNUSED_VARIABLE = YES;
				IPHONEOS_DEPLOYMENT_TARGET = 12.2;
				MTL_ENABLE_DEBUG_INFO = INCLUDE_SOURCE;
				MTL_FAST_MATH = YES;
				ONLY_ACTIVE_ARCH = YES;
				SDKROOT = iphoneos;
				SWIFT_ACTIVE_COMPILATION_CONDITIONS = DEBUG;
				SWIFT_OPTIMIZATION_LEVEL = "-Onone";
			};
			name = Debug;
		};
		F673589B2296DC7500F62311 /* Release */ = {
			isa = XCBuildConfiguration;
			buildSettings = {
				ALWAYS_SEARCH_USER_PATHS = NO;
				CLANG_ANALYZER_NONNULL = YES;
				CLANG_ANALYZER_NUMBER_OBJECT_CONVERSION = YES_AGGRESSIVE;
				CLANG_CXX_LANGUAGE_STANDARD = "gnu++14";
				CLANG_CXX_LIBRARY = "libc++";
				CLANG_ENABLE_MODULES = YES;
				CLANG_ENABLE_OBJC_ARC = YES;
				CLANG_ENABLE_OBJC_WEAK = YES;
				CLANG_WARN_BLOCK_CAPTURE_AUTORELEASING = YES;
				CLANG_WARN_BOOL_CONVERSION = YES;
				CLANG_WARN_COMMA = YES;
				CLANG_WARN_CONSTANT_CONVERSION = YES;
				CLANG_WARN_DEPRECATED_OBJC_IMPLEMENTATIONS = YES;
				CLANG_WARN_DIRECT_OBJC_ISA_USAGE = YES_ERROR;
				CLANG_WARN_DOCUMENTATION_COMMENTS = YES;
				CLANG_WARN_EMPTY_BODY = YES;
				CLANG_WARN_ENUM_CONVERSION = YES;
				CLANG_WARN_INFINITE_RECURSION = YES;
				CLANG_WARN_INT_CONVERSION = YES;
				CLANG_WARN_NON_LITERAL_NULL_CONVERSION = YES;
				CLANG_WARN_OBJC_IMPLICIT_RETAIN_SELF = YES;
				CLANG_WARN_OBJC_LITERAL_CONVERSION = YES;
				CLANG_WARN_OBJC_ROOT_CLASS = YES_ERROR;
				CLANG_WARN_RANGE_LOOP_ANALYSIS = YES;
				CLANG_WARN_STRICT_PROTOTYPES = YES;
				CLANG_WARN_SUSPICIOUS_MOVE = YES;
				CLANG_WARN_UNGUARDED_AVAILABILITY = YES_AGGRESSIVE;
				CLANG_WARN_UNREACHABLE_CODE = YES;
				CLANG_WARN__DUPLICATE_METHOD_MATCH = YES;
				CODE_SIGN_IDENTITY = "iPhone Developer";
				COPY_PHASE_STRIP = NO;
				DEBUG_INFORMATION_FORMAT = "dwarf-with-dsym";
				ENABLE_NS_ASSERTIONS = NO;
				ENABLE_STRICT_OBJC_MSGSEND = YES;
				GCC_C_LANGUAGE_STANDARD = gnu11;
				GCC_NO_COMMON_BLOCKS = YES;
				GCC_WARN_64_TO_32_BIT_CONVERSION = YES;
				GCC_WARN_ABOUT_RETURN_TYPE = YES_ERROR;
				GCC_WARN_UNDECLARED_SELECTOR = YES;
				GCC_WARN_UNINITIALIZED_AUTOS = YES_AGGRESSIVE;
				GCC_WARN_UNUSED_FUNCTION = YES;
				GCC_WARN_UNUSED_VARIABLE = YES;
				IPHONEOS_DEPLOYMENT_TARGET = 12.2;
				MTL_ENABLE_DEBUG_INFO = NO;
				MTL_FAST_MATH = YES;
				SDKROOT = iphoneos;
				SWIFT_COMPILATION_MODE = wholemodule;
				SWIFT_OPTIMIZATION_LEVEL = "-O";
				VALIDATE_PRODUCT = YES;
			};
			name = Release;
		};
		F673589D2296DC7500F62311 /* Debug */ = {
			isa = XCBuildConfiguration;
			buildSettings = {
				ASSETCATALOG_COMPILER_APPICON_NAME = AppIcon;
				CODE_SIGN_STYLE = Automatic;
				DEVELOPMENT_TEAM = 9GX9P2M56N;
				INFOPLIST_FILE = P10NamesToFaces/Info.plist;
				LD_RUNPATH_SEARCH_PATHS = (
					"$(inherited)",
					"@executable_path/Frameworks",
				);
				PRODUCT_BUNDLE_IDENTIFIER = gthevirtuoso.P10NamesToFaces;
				PRODUCT_NAME = "$(TARGET_NAME)";
				SWIFT_VERSION = 5.0;
				TARGETED_DEVICE_FAMILY = "1,2";
			};
			name = Debug;
		};
		F673589E2296DC7500F62311 /* Release */ = {
			isa = XCBuildConfiguration;
			buildSettings = {
				ASSETCATALOG_COMPILER_APPICON_NAME = AppIcon;
				CODE_SIGN_STYLE = Automatic;
				DEVELOPMENT_TEAM = 9GX9P2M56N;
				INFOPLIST_FILE = P10NamesToFaces/Info.plist;
				LD_RUNPATH_SEARCH_PATHS = (
					"$(inherited)",
					"@executable_path/Frameworks",
				);
				PRODUCT_BUNDLE_IDENTIFIER = gthevirtuoso.P10NamesToFaces;
				PRODUCT_NAME = "$(TARGET_NAME)";
				SWIFT_VERSION = 5.0;
				TARGETED_DEVICE_FAMILY = "1,2";
			};
			name = Release;
		};
/* End XCBuildConfiguration section */

/* Begin XCConfigurationList section */
		F67358852296DC7200F62311 /* Build configuration list for PBXProject "P10NamesToFaces" */ = {
			isa = XCConfigurationList;
			buildConfigurations = (
				F673589A2296DC7500F62311 /* Debug */,
				F673589B2296DC7500F62311 /* Release */,
			);
			defaultConfigurationIsVisible = 0;
			defaultConfigurationName = Release;
		};
		F673589C2296DC7500F62311 /* Build configuration list for PBXNativeTarget "P10NamesToFaces" */ = {
			isa = XCConfigurationList;
			buildConfigurations = (
				F673589D2296DC7500F62311 /* Debug */,
				F673589E2296DC7500F62311 /* Release */,
			);
			defaultConfigurationIsVisible = 0;
			defaultConfigurationName = Release;
		};
/* End XCConfigurationList section */
	};
	rootObject = F67358822296DC7200F62311 /* Project object */;
}
